
Microsoft Visual Studio Solution File, Format Version 11.00
# Visual Studio Version 17

Project("{8BC9CEB8-8B4A-11D0-8D11-00A0C91BC942}") = "ArplignerJuce - Standalone Plugin", "ArplignerJuce_StandalonePlugin.vcxproj", "{098F7C37-C188-2F52-1B5E-F365EC440A84}"
	ProjectSection(ProjectDependencies) = postProject
		{A09AD2B7-9E30-77F4-89BE-B3176531F123} = {A09AD2B7-9E30-77F4-89BE-B3176531F123}
	EndProjectSection
EndProject
Project("{8BC9CEB8-8B4A-11D0-8D11-00A0C91BC942}") = "ArplignerJuce - VST3", "ArplignerJuce_VST3.vcxproj", "{E824BD2D-A412-C5C3-7E71-8CD7ED772DC6}"
	ProjectSection(ProjectDependencies) = postProject
		{A09AD2B7-9E30-77F4-89BE-B3176531F123} = {A09AD2B7-9E30-77F4-89BE-B3176531F123}
	EndProjectSection
EndProject
Project("{8BC9CEB8-8B4A-11D0-8D11-00A0C91BC942}") = "ArplignerJuce - Shared Code", "ArplignerJuce_SharedCode.vcxproj", "{A09AD2B7-9E30-77F4-89BE-B3176531F123}"
EndProject
Global
	GlobalSection(SolutionConfigurationPlatforms) = preSolution
		Debug|x64 = Debug|x64
		Release|x64 = Release|x64
	EndGlobalSection
	GlobalSection(ProjectConfigurationPlatforms) = postSolution
		{E824BD2D-A412-C5C3-7E71-8CD7ED772DC6}.Debug|x64.ActiveCfg = Debug|x64
		{E824BD2D-A412-C5C3-7E71-8CD7ED772DC6}.Debug|x64.Build.0 = Debug|x64
		{E824BD2D-A412-C5C3-7E71-8CD7ED772DC6}.Release|x64.ActiveCfg = Release|x64
		{E824BD2D-A412-C5C3-7E71-8CD7ED772DC6}.Release|x64.Build.0 = Release|x64
		{098F7C37-C188-2F52-1B5E-F365EC440A84}.Debug|x64.ActiveCfg = Debug|x64
		{098F7C37-C188-2F52-1B5E-F365EC440A84}.Debug|x64.Build.0 = Debug|x64
		{098F7C37-C188-2F52-1B5E-F365EC440A84}.Release|x64.ActiveCfg = Release|x64
		{098F7C37-C188-2F52-1B5E-F365EC440A84}.Release|x64.Build.0 = Release|x64
		{A09AD2B7-9E30-77F4-89BE-B3176531F123}.Debug|x64.ActiveCfg = Debug|x64
		{A09AD2B7-9E30-77F4-89BE-B3176531F123}.Debug|x64.Build.0 = Debug|x64
		{A09AD2B7-9E30-77F4-89BE-B3176531F123}.Release|x64.ActiveCfg = Release|x64
		{A09AD2B7-9E30-77F4-89BE-B3176531F123}.Release|x64.Build.0 = Release|x64
	EndGlobalSection
	GlobalSection(SolutionProperties) = preSolution
		HideSolutionNode = FALSE
	EndGlobalSection
EndGlobal
